// !$*UTF8*$!
{
	archiveVersion = 1;
	classes = {
	};
	objectVersion = 46;
	objects = {

/* Begin PBXBuildFile section */
		633124A31AB9CF8B0077A060 /* placeOrderVC.swift in Sources */ = {isa = PBXBuildFile; fileRef = 633124A21AB9CF8B0077A060 /* placeOrderVC.swift */; };
		6373E78E1A965C7400CC754C /* signUpVC.swift in Sources */ = {isa = PBXBuildFile; fileRef = 6373E78D1A965C7400CC754C /* signUpVC.swift */; };
		6373E7901A966E0F00CC754C /* dashboardVC.swift in Sources */ = {isa = PBXBuildFile; fileRef = 6373E78F1A966E0F00CC754C /* dashboardVC.swift */; };
		63894A251AB136620060FF5A /* newAddWhite.png in Resources */ = {isa = PBXBuildFile; fileRef = 63894A241AB136620060FF5A /* newAddWhite.png */; };
		638DCF601AA63860008AEF19 /* groupIcon.png in Resources */ = {isa = PBXBuildFile; fileRef = 638DCF5F1AA63860008AEF19 /* groupIcon.png */; };
		638DCF621AA63A7C008AEF19 /* createGroupVC.swift in Sources */ = {isa = PBXBuildFile; fileRef = 638DCF611AA63A7C008AEF19 /* createGroupVC.swift */; };
		6393B56A1A95323A008511E2 /* CFNetwork.framework in Frameworks */ = {isa = PBXBuildFile; fileRef = 6393B5691A95323A008511E2 /* CFNetwork.framework */; };
		6393B56C1A9536FD008511E2 /* libsqlite3.0.dylib in Frameworks */ = {isa = PBXBuildFile; fileRef = 6393B56B1A9536FD008511E2 /* libsqlite3.0.dylib */; };
		639453511AA8208A003D79CE /* notificationsVC.swift in Sources */ = {isa = PBXBuildFile; fileRef = 639453501AA8208A003D79CE /* notificationsVC.swift */; };
		63960CD91A954A1800523B06 /* Raleway-Light.ttf in Resources */ = {isa = PBXBuildFile; fileRef = 63960CC71A954A1800523B06 /* Raleway-Light.ttf */; };
		63960CDB1A954A1800523B06 /* Raleway-Medium.ttf in Resources */ = {isa = PBXBuildFile; fileRef = 63960CC91A954A1800523B06 /* Raleway-Medium.ttf */; };
		63960CDD1A954A1800523B06 /* Raleway-Regular.ttf in Resources */ = {isa = PBXBuildFile; fileRef = 63960CCB1A954A1800523B06 /* Raleway-Regular.ttf */; };
		63960CE01A954A1800523B06 /* Raleway-Thin.ttf in Resources */ = {isa = PBXBuildFile; fileRef = 63960CCE1A954A1800523B06 /* Raleway-Thin.ttf */; };
		63A401121A9848BC0038569D /* manageGroupVC.swift in Sources */ = {isa = PBXBuildFile; fileRef = 63A401111A9848BC0038569D /* manageGroupVC.swift */; };
		63A401141A9849050038569D /* friendsVC.swift in Sources */ = {isa = PBXBuildFile; fileRef = 63A401131A9849050038569D /* friendsVC.swift */; };
		63A401181A984FA40038569D /* ENSideMenu.swift in Sources */ = {isa = PBXBuildFile; fileRef = 63A401161A984FA40038569D /* ENSideMenu.swift */; };
		63A401191A984FA40038569D /* ENSideMenuNavigationController.swift in Sources */ = {isa = PBXBuildFile; fileRef = 63A401171A984FA40038569D /* ENSideMenuNavigationController.swift */; };
		63A4011B1A9851C40038569D /* sideBarNavController.swift in Sources */ = {isa = PBXBuildFile; fileRef = 63A4011A1A9851C40038569D /* sideBarNavController.swift */; };
		63A4011D1A98523D0038569D /* sideBarTableView.swift in Sources */ = {isa = PBXBuildFile; fileRef = 63A4011C1A98523D0038569D /* sideBarTableView.swift */; };
		63A467BF1AB4B37B00C6EEF6 /* orderVC.swift in Sources */ = {isa = PBXBuildFile; fileRef = 63A467BE1AB4B37B00C6EEF6 /* orderVC.swift */; };
		63A467C31AB4D26100C6EEF6 /* startRunVC.swift in Sources */ = {isa = PBXBuildFile; fileRef = 63A467C21AB4D26100C6EEF6 /* startRunVC.swift */; };
		63E3E39F1AA278F100F79723 /* addFriend.png in Resources */ = {isa = PBXBuildFile; fileRef = 63E3E39E1AA278F100F79723 /* addFriend.png */; };
		63ED32C91A9273BA00ECAD33 /* AppDelegate.swift in Sources */ = {isa = PBXBuildFile; fileRef = 63ED32C81A9273BA00ECAD33 /* AppDelegate.swift */; };
		63ED32CB1A9273BA00ECAD33 /* ViewController.swift in Sources */ = {isa = PBXBuildFile; fileRef = 63ED32CA1A9273BA00ECAD33 /* ViewController.swift */; };
		63ED32CE1A9273BA00ECAD33 /* Main.storyboard in Resources */ = {isa = PBXBuildFile; fileRef = 63ED32CC1A9273BA00ECAD33 /* Main.storyboard */; };
		63ED32D01A9273BA00ECAD33 /* Images.xcassets in Resources */ = {isa = PBXBuildFile; fileRef = 63ED32CF1A9273BA00ECAD33 /* Images.xcassets */; };
		63ED32D31A9273BA00ECAD33 /* LaunchScreen.xib in Resources */ = {isa = PBXBuildFile; fileRef = 63ED32D11A9273BA00ECAD33 /* LaunchScreen.xib */; };
		63ED32DF1A9273BA00ECAD33 /* perkomaticTests.swift in Sources */ = {isa = PBXBuildFile; fileRef = 63ED32DE1A9273BA00ECAD33 /* perkomaticTests.swift */; };
		63ED32EF1A9277AD00ECAD33 /* AudioToolbox.framework in Frameworks */ = {isa = PBXBuildFile; fileRef = 63ED32EE1A9277AD00ECAD33 /* AudioToolbox.framework */; };
		63ED32F11A9277B700ECAD33 /* Foundation.framework in Frameworks */ = {isa = PBXBuildFile; fileRef = 63ED32F01A9277B700ECAD33 /* Foundation.framework */; };
		63ED32F31A9277BE00ECAD33 /* CoreGraphics.framework in Frameworks */ = {isa = PBXBuildFile; fileRef = 63ED32F21A9277BE00ECAD33 /* CoreGraphics.framework */; };
		63ED32F51A9277C900ECAD33 /* CoreLocation.framework in Frameworks */ = {isa = PBXBuildFile; fileRef = 63ED32F41A9277C900ECAD33 /* CoreLocation.framework */; };
		63ED32F71A9277D800ECAD33 /* libz.dylib in Frameworks */ = {isa = PBXBuildFile; fileRef = 63ED32F61A9277D800ECAD33 /* libz.dylib */; };
		63ED32F91A9277DF00ECAD33 /* MobileCoreServices.framework in Frameworks */ = {isa = PBXBuildFile; fileRef = 63ED32F81A9277DF00ECAD33 /* MobileCoreServices.framework */; };
		63ED32FB1A9277E600ECAD33 /* QuartzCore.framework in Frameworks */ = {isa = PBXBuildFile; fileRef = 63ED32FA1A9277E600ECAD33 /* QuartzCore.framework */; };
		63ED32FD1A9277EF00ECAD33 /* Security.framework in Frameworks */ = {isa = PBXBuildFile; fileRef = 63ED32FC1A9277EF00ECAD33 /* Security.framework */; };
		63ED32FF1A9277F600ECAD33 /* StoreKit.framework in Frameworks */ = {isa = PBXBuildFile; fileRef = 63ED32FE1A9277F600ECAD33 /* StoreKit.framework */; };
		63ED33011A92780100ECAD33 /* SystemConfiguration.framework in Frameworks */ = {isa = PBXBuildFile; fileRef = 63ED33001A92780100ECAD33 /* SystemConfiguration.framework */; };
		63ED33071A927AC100ECAD33 /* Bolts.framework in Frameworks */ = {isa = PBXBuildFile; fileRef = 63ED33021A927AC100ECAD33 /* Bolts.framework */; };
		63ED33081A927AC100ECAD33 /* Parse.framework in Frameworks */ = {isa = PBXBuildFile; fileRef = 63ED33031A927AC100ECAD33 /* Parse.framework */; };
		63ED33091A927AC100ECAD33 /* ParseCrashReporting.framework in Frameworks */ = {isa = PBXBuildFile; fileRef = 63ED33041A927AC100ECAD33 /* ParseCrashReporting.framework */; };
		63ED330A1A927AC100ECAD33 /* ParseFacebookUtils.framework in Frameworks */ = {isa = PBXBuildFile; fileRef = 63ED33051A927AC100ECAD33 /* ParseFacebookUtils.framework */; };
		63ED330B1A927AC100ECAD33 /* ParseUI.framework in Frameworks */ = {isa = PBXBuildFile; fileRef = 63ED33061A927AC100ECAD33 /* ParseUI.framework */; };
		63F6E7FC1AA8F39700E8D22B /* notificationTableCell.xib in Resources */ = {isa = PBXBuildFile; fileRef = 63F6E7FB1AA8F39600E8D22B /* notificationTableCell.xib */; };
		63F6E7FE1AA8F5A100E8D22B /* notificationTableCell.swift in Sources */ = {isa = PBXBuildFile; fileRef = 63F6E7FD1AA8F5A100E8D22B /* notificationTableCell.swift */; };
		63F765941AA53F860060AEE4 /* menuIcon.png in Resources */ = {isa = PBXBuildFile; fileRef = 63F765931AA53F860060AEE4 /* menuIcon.png */; };
		63F765A01AA54BAF0060AEE4 /* newAdd.png in Resources */ = {isa = PBXBuildFile; fileRef = 63F7659F1AA54BAF0060AEE4 /* newAdd.png */; };
		63F765A41AA55BEE0060AEE4 /* addedFriendTable.png in Resources */ = {isa = PBXBuildFile; fileRef = 63F765A31AA55BEE0060AEE4 /* addedFriendTable.png */; };
		63F765A81AA588E60060AEE4 /* CustomTableViewCell.xib in Resources */ = {isa = PBXBuildFile; fileRef = 63F765A71AA588E60060AEE4 /* CustomTableViewCell.xib */; };
		63F765AA1AA58A630060AEE4 /* CustomTableViewCell.swift in Sources */ = {isa = PBXBuildFile; fileRef = 63F765A91AA58A630060AEE4 /* CustomTableViewCell.swift */; };
		63F9F2C91AA3A7CF00F10550 /* friendProfile.png in Resources */ = {isa = PBXBuildFile; fileRef = 63F9F2C81AA3A7CF00F10550 /* friendProfile.png */; };
/* End PBXBuildFile section */

/* Begin PBXContainerItemProxy section */
		63ED32D91A9273BA00ECAD33 /* PBXContainerItemProxy */ = {
			isa = PBXContainerItemProxy;
			containerPortal = 63ED32BB1A9273BA00ECAD33 /* Project object */;
			proxyType = 1;
			remoteGlobalIDString = 63ED32C21A9273BA00ECAD33;
			remoteInfo = perkomatic;
		};
/* End PBXContainerItemProxy section */

/* Begin PBXFileReference section */
		633124A21AB9CF8B0077A060 /* placeOrderVC.swift */ = {isa = PBXFileReference; fileEncoding = 4; lastKnownFileType = sourcecode.swift; path = placeOrderVC.swift; sourceTree = "<group>"; };
		6373E78D1A965C7400CC754C /* signUpVC.swift */ = {isa = PBXFileReference; fileEncoding = 4; lastKnownFileType = sourcecode.swift; path = signUpVC.swift; sourceTree = "<group>"; };
		6373E78F1A966E0F00CC754C /* dashboardVC.swift */ = {isa = PBXFileReference; fileEncoding = 4; lastKnownFileType = sourcecode.swift; path = dashboardVC.swift; sourceTree = "<group>"; };
		63894A241AB136620060FF5A /* newAddWhite.png */ = {isa = PBXFileReference; lastKnownFileType = image.png; path = newAddWhite.png; sourceTree = "<group>"; };
		638DCF5F1AA63860008AEF19 /* groupIcon.png */ = {isa = PBXFileReference; lastKnownFileType = image.png; path = groupIcon.png; sourceTree = "<group>"; };
		638DCF611AA63A7C008AEF19 /* createGroupVC.swift */ = {isa = PBXFileReference; fileEncoding = 4; lastKnownFileType = sourcecode.swift; path = createGroupVC.swift; sourceTree = "<group>"; };
		6393B5691A95323A008511E2 /* CFNetwork.framework */ = {isa = PBXFileReference; lastKnownFileType = wrapper.framework; name = CFNetwork.framework; path = System/Library/Frameworks/CFNetwork.framework; sourceTree = SDKROOT; };
		6393B56B1A9536FD008511E2 /* libsqlite3.0.dylib */ = {isa = PBXFileReference; lastKnownFileType = "compiled.mach-o.dylib"; name = libsqlite3.0.dylib; path = usr/lib/libsqlite3.0.dylib; sourceTree = SDKROOT; };
		639453501AA8208A003D79CE /* notificationsVC.swift */ = {isa = PBXFileReference; fileEncoding = 4; lastKnownFileType = sourcecode.swift; path = notificationsVC.swift; sourceTree = "<group>"; };
		63960CC71A954A1800523B06 /* Raleway-Light.ttf */ = {isa = PBXFileReference; lastKnownFileType = file; path = "Raleway-Light.ttf"; sourceTree = "<group>"; };
		63960CC91A954A1800523B06 /* Raleway-Medium.ttf */ = {isa = PBXFileReference; lastKnownFileType = file; path = "Raleway-Medium.ttf"; sourceTree = "<group>"; };
		63960CCB1A954A1800523B06 /* Raleway-Regular.ttf */ = {isa = PBXFileReference; lastKnownFileType = file; path = "Raleway-Regular.ttf"; sourceTree = "<group>"; };
		63960CCE1A954A1800523B06 /* Raleway-Thin.ttf */ = {isa = PBXFileReference; lastKnownFileType = file; path = "Raleway-Thin.ttf"; sourceTree = "<group>"; };
		63A401111A9848BC0038569D /* manageGroupVC.swift */ = {isa = PBXFileReference; fileEncoding = 4; lastKnownFileType = sourcecode.swift; path = manageGroupVC.swift; sourceTree = "<group>"; };
		63A401131A9849050038569D /* friendsVC.swift */ = {isa = PBXFileReference; fileEncoding = 4; lastKnownFileType = sourcecode.swift; path = friendsVC.swift; sourceTree = "<group>"; };
		63A401161A984FA40038569D /* ENSideMenu.swift */ = {isa = PBXFileReference; fileEncoding = 4; lastKnownFileType = sourcecode.swift; path = ENSideMenu.swift; sourceTree = "<group>"; };
		63A401171A984FA40038569D /* ENSideMenuNavigationController.swift */ = {isa = PBXFileReference; fileEncoding = 4; lastKnownFileType = sourcecode.swift; path = ENSideMenuNavigationController.swift; sourceTree = "<group>"; };
		63A4011A1A9851C40038569D /* sideBarNavController.swift */ = {isa = PBXFileReference; fileEncoding = 4; lastKnownFileType = sourcecode.swift; path = sideBarNavController.swift; sourceTree = "<group>"; };
		63A4011C1A98523D0038569D /* sideBarTableView.swift */ = {isa = PBXFileReference; fileEncoding = 4; lastKnownFileType = sourcecode.swift; path = sideBarTableView.swift; sourceTree = "<group>"; };
		63A467BE1AB4B37B00C6EEF6 /* orderVC.swift */ = {isa = PBXFileReference; fileEncoding = 4; lastKnownFileType = sourcecode.swift; path = orderVC.swift; sourceTree = "<group>"; };
		63A467C21AB4D26100C6EEF6 /* startRunVC.swift */ = {isa = PBXFileReference; fileEncoding = 4; lastKnownFileType = sourcecode.swift; path = startRunVC.swift; sourceTree = "<group>"; };
		63E3E39E1AA278F100F79723 /* addFriend.png */ = {isa = PBXFileReference; lastKnownFileType = image.png; path = addFriend.png; sourceTree = "<group>"; };
		63ED32C31A9273BA00ECAD33 /* perkomatic.app */ = {isa = PBXFileReference; explicitFileType = wrapper.application; includeInIndex = 0; path = perkomatic.app; sourceTree = BUILT_PRODUCTS_DIR; };
		63ED32C71A9273BA00ECAD33 /* Info.plist */ = {isa = PBXFileReference; lastKnownFileType = text.plist.xml; path = Info.plist; sourceTree = "<group>"; };
		63ED32C81A9273BA00ECAD33 /* AppDelegate.swift */ = {isa = PBXFileReference; lastKnownFileType = sourcecode.swift; path = AppDelegate.swift; sourceTree = "<group>"; };
		63ED32CA1A9273BA00ECAD33 /* ViewController.swift */ = {isa = PBXFileReference; lastKnownFileType = sourcecode.swift; path = ViewController.swift; sourceTree = "<group>"; };
		63ED32CD1A9273BA00ECAD33 /* Base */ = {isa = PBXFileReference; lastKnownFileType = file.storyboard; name = Base; path = Base.lproj/Main.storyboard; sourceTree = "<group>"; };
		63ED32CF1A9273BA00ECAD33 /* Images.xcassets */ = {isa = PBXFileReference; lastKnownFileType = folder.assetcatalog; path = Images.xcassets; sourceTree = "<group>"; };
		63ED32D21A9273BA00ECAD33 /* Base */ = {isa = PBXFileReference; lastKnownFileType = file.xib; name = Base; path = Base.lproj/LaunchScreen.xib; sourceTree = "<group>"; };
		63ED32D81A9273BA00ECAD33 /* perkomaticTests.xctest */ = {isa = PBXFileReference; explicitFileType = wrapper.cfbundle; includeInIndex = 0; path = perkomaticTests.xctest; sourceTree = BUILT_PRODUCTS_DIR; };
		63ED32DD1A9273BA00ECAD33 /* Info.plist */ = {isa = PBXFileReference; lastKnownFileType = text.plist.xml; path = Info.plist; sourceTree = "<group>"; };
		63ED32DE1A9273BA00ECAD33 /* perkomaticTests.swift */ = {isa = PBXFileReference; lastKnownFileType = sourcecode.swift; path = perkomaticTests.swift; sourceTree = "<group>"; };
		63ED32E81A92740000ECAD33 /* perkomatic-Bridging-Header.h */ = {isa = PBXFileReference; lastKnownFileType = sourcecode.c.h; path = "perkomatic-Bridging-Header.h"; sourceTree = SOURCE_ROOT; };
		63ED32EE1A9277AD00ECAD33 /* AudioToolbox.framework */ = {isa = PBXFileReference; lastKnownFileType = wrapper.framework; name = AudioToolbox.framework; path = System/Library/Frameworks/AudioToolbox.framework; sourceTree = SDKROOT; };
		63ED32F01A9277B700ECAD33 /* Foundation.framework */ = {isa = PBXFileReference; lastKnownFileType = wrapper.framework; name = Foundation.framework; path = System/Library/Frameworks/Foundation.framework; sourceTree = SDKROOT; };
		63ED32F21A9277BE00ECAD33 /* CoreGraphics.framework */ = {isa = PBXFileReference; lastKnownFileType = wrapper.framework; name = CoreGraphics.framework; path = System/Library/Frameworks/CoreGraphics.framework; sourceTree = SDKROOT; };
		63ED32F41A9277C900ECAD33 /* CoreLocation.framework */ = {isa = PBXFileReference; lastKnownFileType = wrapper.framework; name = CoreLocation.framework; path = System/Library/Frameworks/CoreLocation.framework; sourceTree = SDKROOT; };
		63ED32F61A9277D800ECAD33 /* libz.dylib */ = {isa = PBXFileReference; lastKnownFileType = "compiled.mach-o.dylib"; name = libz.dylib; path = usr/lib/libz.dylib; sourceTree = SDKROOT; };
		63ED32F81A9277DF00ECAD33 /* MobileCoreServices.framework */ = {isa = PBXFileReference; lastKnownFileType = wrapper.framework; name = MobileCoreServices.framework; path = System/Library/Frameworks/MobileCoreServices.framework; sourceTree = SDKROOT; };
		63ED32FA1A9277E600ECAD33 /* QuartzCore.framework */ = {isa = PBXFileReference; lastKnownFileType = wrapper.framework; name = QuartzCore.framework; path = System/Library/Frameworks/QuartzCore.framework; sourceTree = SDKROOT; };
		63ED32FC1A9277EF00ECAD33 /* Security.framework */ = {isa = PBXFileReference; lastKnownFileType = wrapper.framework; name = Security.framework; path = System/Library/Frameworks/Security.framework; sourceTree = SDKROOT; };
		63ED32FE1A9277F600ECAD33 /* StoreKit.framework */ = {isa = PBXFileReference; lastKnownFileType = wrapper.framework; name = StoreKit.framework; path = System/Library/Frameworks/StoreKit.framework; sourceTree = SDKROOT; };
		63ED33001A92780100ECAD33 /* SystemConfiguration.framework */ = {isa = PBXFileReference; lastKnownFileType = wrapper.framework; name = SystemConfiguration.framework; path = System/Library/Frameworks/SystemConfiguration.framework; sourceTree = SDKROOT; };
		63ED33021A927AC100ECAD33 /* Bolts.framework */ = {isa = PBXFileReference; lastKnownFileType = wrapper.framework; name = Bolts.framework; path = ../Bolts.framework; sourceTree = "<group>"; };
		63ED33031A927AC100ECAD33 /* Parse.framework */ = {isa = PBXFileReference; lastKnownFileType = wrapper.framework; name = Parse.framework; path = ../Parse.framework; sourceTree = "<group>"; };
		63ED33041A927AC100ECAD33 /* ParseCrashReporting.framework */ = {isa = PBXFileReference; lastKnownFileType = wrapper.framework; name = ParseCrashReporting.framework; path = ../ParseCrashReporting.framework; sourceTree = "<group>"; };
		63ED33051A927AC100ECAD33 /* ParseFacebookUtils.framework */ = {isa = PBXFileReference; lastKnownFileType = wrapper.framework; name = ParseFacebookUtils.framework; path = ../ParseFacebookUtils.framework; sourceTree = "<group>"; };
		63ED33061A927AC100ECAD33 /* ParseUI.framework */ = {isa = PBXFileReference; lastKnownFileType = wrapper.framework; name = ParseUI.framework; path = ../ParseUI.framework; sourceTree = "<group>"; };
		63F6E7FB1AA8F39600E8D22B /* notificationTableCell.xib */ = {isa = PBXFileReference; fileEncoding = 4; lastKnownFileType = file.xib; path = notificationTableCell.xib; sourceTree = "<group>"; };
		63F6E7FD1AA8F5A100E8D22B /* notificationTableCell.swift */ = {isa = PBXFileReference; fileEncoding = 4; lastKnownFileType = sourcecode.swift; path = notificationTableCell.swift; sourceTree = "<group>"; };
		63F765931AA53F860060AEE4 /* menuIcon.png */ = {isa = PBXFileReference; lastKnownFileType = image.png; path = menuIcon.png; sourceTree = "<group>"; };
		63F7659F1AA54BAF0060AEE4 /* newAdd.png */ = {isa = PBXFileReference; lastKnownFileType = image.png; path = newAdd.png; sourceTree = "<group>"; };
		63F765A31AA55BEE0060AEE4 /* addedFriendTable.png */ = {isa = PBXFileReference; lastKnownFileType = image.png; path = addedFriendTable.png; sourceTree = "<group>"; };
		63F765A71AA588E60060AEE4 /* CustomTableViewCell.xib */ = {isa = PBXFileReference; fileEncoding = 4; lastKnownFileType = file.xib; path = CustomTableViewCell.xib; sourceTree = "<group>"; };
		63F765A91AA58A630060AEE4 /* CustomTableViewCell.swift */ = {isa = PBXFileReference; fileEncoding = 4; lastKnownFileType = sourcecode.swift; path = CustomTableViewCell.swift; sourceTree = "<group>"; };
		63F9F2C81AA3A7CF00F10550 /* friendProfile.png */ = {isa = PBXFileReference; lastKnownFileType = image.png; path = friendProfile.png; sourceTree = "<group>"; };
/* End PBXFileReference section */

/* Begin PBXFrameworksBuildPhase section */
		63ED32C01A9273BA00ECAD33 /* Frameworks */ = {
			isa = PBXFrameworksBuildPhase;
			buildActionMask = 2147483647;
			files = (
				6393B56C1A9536FD008511E2 /* libsqlite3.0.dylib in Frameworks */,
				6393B56A1A95323A008511E2 /* CFNetwork.framework in Frameworks */,
				63ED330A1A927AC100ECAD33 /* ParseFacebookUtils.framework in Frameworks */,
				63ED33011A92780100ECAD33 /* SystemConfiguration.framework in Frameworks */,
				63ED32FF1A9277F600ECAD33 /* StoreKit.framework in Frameworks */,
				63ED32FD1A9277EF00ECAD33 /* Security.framework in Frameworks */,
				63ED32FB1A9277E600ECAD33 /* QuartzCore.framework in Frameworks */,
				63ED32F91A9277DF00ECAD33 /* MobileCoreServices.framework in Frameworks */,
				63ED32F71A9277D800ECAD33 /* libz.dylib in Frameworks */,
				63ED32F51A9277C900ECAD33 /* CoreLocation.framework in Frameworks */,
				63ED32F31A9277BE00ECAD33 /* CoreGraphics.framework in Frameworks */,
				63ED33071A927AC100ECAD33 /* Bolts.framework in Frameworks */,
				63ED32F11A9277B700ECAD33 /* Foundation.framework in Frameworks */,
				63ED33081A927AC100ECAD33 /* Parse.framework in Frameworks */,
				63ED330B1A927AC100ECAD33 /* ParseUI.framework in Frameworks */,
				63ED32EF1A9277AD00ECAD33 /* AudioToolbox.framework in Frameworks */,
				63ED33091A927AC100ECAD33 /* ParseCrashReporting.framework in Frameworks */,
			);
			runOnlyForDeploymentPostprocessing = 0;
		};
		63ED32D51A9273BA00ECAD33 /* Frameworks */ = {
			isa = PBXFrameworksBuildPhase;
			buildActionMask = 2147483647;
			files = (
			);
			runOnlyForDeploymentPostprocessing = 0;
		};
/* End PBXFrameworksBuildPhase section */

/* Begin PBXGroup section */
		6393B5681A9531C8008511E2 /* Frameworks */ = {
			isa = PBXGroup;
			children = (
				6393B56B1A9536FD008511E2 /* libsqlite3.0.dylib */,
				6393B5691A95323A008511E2 /* CFNetwork.framework */,
				63ED33001A92780100ECAD33 /* SystemConfiguration.framework */,
				63ED32FE1A9277F600ECAD33 /* StoreKit.framework */,
				63ED32FC1A9277EF00ECAD33 /* Security.framework */,
				63ED32FA1A9277E600ECAD33 /* QuartzCore.framework */,
				63ED32F81A9277DF00ECAD33 /* MobileCoreServices.framework */,
				63ED32F61A9277D800ECAD33 /* libz.dylib */,
				63ED33021A927AC100ECAD33 /* Bolts.framework */,
				63ED33031A927AC100ECAD33 /* Parse.framework */,
				63ED33041A927AC100ECAD33 /* ParseCrashReporting.framework */,
				63ED33051A927AC100ECAD33 /* ParseFacebookUtils.framework */,
				63ED33061A927AC100ECAD33 /* ParseUI.framework */,
				63ED32F41A9277C900ECAD33 /* CoreLocation.framework */,
				63ED32F21A9277BE00ECAD33 /* CoreGraphics.framework */,
				63ED32F01A9277B700ECAD33 /* Foundation.framework */,
				63ED32EE1A9277AD00ECAD33 /* AudioToolbox.framework */,
			);
			name = Frameworks;
			sourceTree = "<group>";
		};
		63960CAB1A95460D00523B06 /* fonts */ = {
			isa = PBXGroup;
			children = (
				63960CC71A954A1800523B06 /* Raleway-Light.ttf */,
				63960CC91A954A1800523B06 /* Raleway-Medium.ttf */,
				63960CCB1A954A1800523B06 /* Raleway-Regular.ttf */,
				63960CCE1A954A1800523B06 /* Raleway-Thin.ttf */,
			);
			name = fonts;
			sourceTree = "<group>";
		};
		63A401151A984FA40038569D /* Library */ = {
			isa = PBXGroup;
			children = (
				63A401161A984FA40038569D /* ENSideMenu.swift */,
				63A401171A984FA40038569D /* ENSideMenuNavigationController.swift */,
			);
			path = Library;
			sourceTree = "<group>";
		};
		63ED32BA1A9273BA00ECAD33 = {
			isa = PBXGroup;
			children = (
				63ED32C51A9273BA00ECAD33 /* perkomatic */,
				63ED32DB1A9273BA00ECAD33 /* perkomaticTests */,
				63ED32C41A9273BA00ECAD33 /* Products */,
			);
			sourceTree = "<group>";
		};
		63ED32C41A9273BA00ECAD33 /* Products */ = {
			isa = PBXGroup;
			children = (
				63ED32C31A9273BA00ECAD33 /* perkomatic.app */,
				63ED32D81A9273BA00ECAD33 /* perkomaticTests.xctest */,
			);
			name = Products;
			sourceTree = "<group>";
		};
		63ED32C51A9273BA00ECAD33 /* perkomatic */ = {
			isa = PBXGroup;
			children = (
				63ED32E81A92740000ECAD33 /* perkomatic-Bridging-Header.h */,
				63F6E7FD1AA8F5A100E8D22B /* notificationTableCell.swift */,
				63F6E7FB1AA8F39600E8D22B /* notificationTableCell.xib */,
				63F765A91AA58A630060AEE4 /* CustomTableViewCell.swift */,
				63F765A71AA588E60060AEE4 /* CustomTableViewCell.xib */,
				638DCF611AA63A7C008AEF19 /* createGroupVC.swift */,
				63A401111A9848BC0038569D /* manageGroupVC.swift */,
				63A401131A9849050038569D /* friendsVC.swift */,
				63A467C21AB4D26100C6EEF6 /* startRunVC.swift */,
				633124A21AB9CF8B0077A060 /* placeOrderVC.swift */,
				63A467BE1AB4B37B00C6EEF6 /* orderVC.swift */,
				6373E78F1A966E0F00CC754C /* dashboardVC.swift */,
				639453501AA8208A003D79CE /* notificationsVC.swift */,
				6373E78D1A965C7400CC754C /* signUpVC.swift */,
				63ED32CA1A9273BA00ECAD33 /* ViewController.swift */,
				63ED32C81A9273BA00ECAD33 /* AppDelegate.swift */,
				63A4011C1A98523D0038569D /* sideBarTableView.swift */,
				63A4011A1A9851C40038569D /* sideBarNavController.swift */,
				63ED32CC1A9273BA00ECAD33 /* Main.storyboard */,
				63ED32CF1A9273BA00ECAD33 /* Images.xcassets */,
				63ED32D11A9273BA00ECAD33 /* LaunchScreen.xib */,
				6565F24A1A9BC4D70018FE44 /* images */,
				63960CAB1A95460D00523B06 /* fonts */,
				63A401151A984FA40038569D /* Library */,
				6393B5681A9531C8008511E2 /* Frameworks */,
				63ED32C61A9273BA00ECAD33 /* Supporting Files */,
			);
			path = perkomatic;
			sourceTree = "<group>";
		};
		63ED32C61A9273BA00ECAD33 /* Supporting Files */ = {
			isa = PBXGroup;
			children = (
				63ED32C71A9273BA00ECAD33 /* Info.plist */,
			);
			name = "Supporting Files";
			sourceTree = "<group>";
		};
		63ED32DB1A9273BA00ECAD33 /* perkomaticTests */ = {
			isa = PBXGroup;
			children = (
				63ED32DE1A9273BA00ECAD33 /* perkomaticTests.swift */,
				63ED32DC1A9273BA00ECAD33 /* Supporting Files */,
			);
			path = perkomaticTests;
			sourceTree = "<group>";
		};
		63ED32DC1A9273BA00ECAD33 /* Supporting Files */ = {
			isa = PBXGroup;
			children = (
				63ED32DD1A9273BA00ECAD33 /* Info.plist */,
			);
			name = "Supporting Files";
			sourceTree = "<group>";
		};
		6565F24A1A9BC4D70018FE44 /* images */ = {
			isa = PBXGroup;
			children = (
				63894A241AB136620060FF5A /* newAddWhite.png */,
				638DCF5F1AA63860008AEF19 /* groupIcon.png */,
				63F7659F1AA54BAF0060AEE4 /* newAdd.png */,
				63F765A31AA55BEE0060AEE4 /* addedFriendTable.png */,
				63F765931AA53F860060AEE4 /* menuIcon.png */,
				63F9F2C81AA3A7CF00F10550 /* friendProfile.png */,
				63E3E39E1AA278F100F79723 /* addFriend.png */,
			);
			name = images;
			sourceTree = "<group>";
		};
/* End PBXGroup section */

/* Begin PBXNativeTarget section */
		63ED32C21A9273BA00ECAD33 /* perkomatic */ = {
			isa = PBXNativeTarget;
			buildConfigurationList = 63ED32E21A9273BA00ECAD33 /* Build configuration list for PBXNativeTarget "perkomatic" */;
			buildPhases = (
				63ED32BF1A9273BA00ECAD33 /* Sources */,
				63ED32C01A9273BA00ECAD33 /* Frameworks */,
				63ED32C11A9273BA00ECAD33 /* Resources */,
			);
			buildRules = (
			);
			dependencies = (
			);
			name = perkomatic;
			productName = perkomatic;
			productReference = 63ED32C31A9273BA00ECAD33 /* perkomatic.app */;
			productType = "com.apple.product-type.application";
		};
		63ED32D71A9273BA00ECAD33 /* perkomaticTests */ = {
			isa = PBXNativeTarget;
			buildConfigurationList = 63ED32E51A9273BA00ECAD33 /* Build configuration list for PBXNativeTarget "perkomaticTests" */;
			buildPhases = (
				63ED32D41A9273BA00ECAD33 /* Sources */,
				63ED32D51A9273BA00ECAD33 /* Frameworks */,
				63ED32D61A9273BA00ECAD33 /* Resources */,
			);
			buildRules = (
			);
			dependencies = (
				63ED32DA1A9273BA00ECAD33 /* PBXTargetDependency */,
			);
			name = perkomaticTests;
			productName = perkomaticTests;
			productReference = 63ED32D81A9273BA00ECAD33 /* perkomaticTests.xctest */;
			productType = "com.apple.product-type.bundle.unit-test";
		};
/* End PBXNativeTarget section */

/* Begin PBXProject section */
		63ED32BB1A9273BA00ECAD33 /* Project object */ = {
			isa = PBXProject;
			attributes = {
				LastUpgradeCheck = 0610;
				ORGANIZATIONNAME = "Emerson Stewart";
				TargetAttributes = {
					63ED32C21A9273BA00ECAD33 = {
						CreatedOnToolsVersion = 6.1.1;
						DevelopmentTeam = F774BME5Z6;
					};
					63ED32D71A9273BA00ECAD33 = {
						CreatedOnToolsVersion = 6.1.1;
						TestTargetID = 63ED32C21A9273BA00ECAD33;
					};
				};
			};
			buildConfigurationList = 63ED32BE1A9273BA00ECAD33 /* Build configuration list for PBXProject "perkomatic" */;
			compatibilityVersion = "Xcode 3.2";
			developmentRegion = English;
			hasScannedForEncodings = 0;
			knownRegions = (
				en,
				Base,
			);
			mainGroup = 63ED32BA1A9273BA00ECAD33;
			productRefGroup = 63ED32C41A9273BA00ECAD33 /* Products */;
			projectDirPath = "";
			projectRoot = "";
			targets = (
				63ED32C21A9273BA00ECAD33 /* perkomatic */,
				63ED32D71A9273BA00ECAD33 /* perkomaticTests */,
			);
		};
/* End PBXProject section */

/* Begin PBXResourcesBuildPhase section */
		63ED32C11A9273BA00ECAD33 /* Resources */ = {
			isa = PBXResourcesBuildPhase;
			buildActionMask = 2147483647;
			files = (
				63960CDD1A954A1800523B06 /* Raleway-Regular.ttf in Resources */,
				63F9F2C91AA3A7CF00F10550 /* friendProfile.png in Resources */,
				63F765A01AA54BAF0060AEE4 /* newAdd.png in Resources */,
				63960CE01A954A1800523B06 /* Raleway-Thin.ttf in Resources */,
				63F765941AA53F860060AEE4 /* menuIcon.png in Resources */,
				63ED32CE1A9273BA00ECAD33 /* Main.storyboard in Resources */,
				63894A251AB136620060FF5A /* newAddWhite.png in Resources */,
				63F6E7FC1AA8F39700E8D22B /* notificationTableCell.xib in Resources */,
				63E3E39F1AA278F100F79723 /* addFriend.png in Resources */,
				63960CDB1A954A1800523B06 /* Raleway-Medium.ttf in Resources */,
				63ED32D31A9273BA00ECAD33 /* LaunchScreen.xib in Resources */,
				63960CD91A954A1800523B06 /* Raleway-Light.ttf in Resources */,
				63F765A41AA55BEE0060AEE4 /* addedFriendTable.png in Resources */,
				63ED32D01A9273BA00ECAD33 /* Images.xcassets in Resources */,
				63F765A81AA588E60060AEE4 /* CustomTableViewCell.xib in Resources */,
				638DCF601AA63860008AEF19 /* groupIcon.png in Resources */,
			);
			runOnlyForDeploymentPostprocessing = 0;
		};
		63ED32D61A9273BA00ECAD33 /* Resources */ = {
			isa = PBXResourcesBuildPhase;
			buildActionMask = 2147483647;
			files = (
			);
			runOnlyForDeploymentPostprocessing = 0;
		};
/* End PBXResourcesBuildPhase section */

/* Begin PBXSourcesBuildPhase section */
		63ED32BF1A9273BA00ECAD33 /* Sources */ = {
			isa = PBXSourcesBuildPhase;
			buildActionMask = 2147483647;
			files = (
				638DCF621AA63A7C008AEF19 /* createGroupVC.swift in Sources */,
				63A401181A984FA40038569D /* ENSideMenu.swift in Sources */,
				6373E78E1A965C7400CC754C /* signUpVC.swift in Sources */,
				63A4011B1A9851C40038569D /* sideBarNavController.swift in Sources */,
				633124A31AB9CF8B0077A060 /* placeOrderVC.swift in Sources */,
				63A401141A9849050038569D /* friendsVC.swift in Sources */,
				63F6E7FE1AA8F5A100E8D22B /* notificationTableCell.swift in Sources */,
				63A467BF1AB4B37B00C6EEF6 /* orderVC.swift in Sources */,
				63A467C31AB4D26100C6EEF6 /* startRunVC.swift in Sources */,
				63A401121A9848BC0038569D /* manageGroupVC.swift in Sources */,
				6373E7901A966E0F00CC754C /* dashboardVC.swift in Sources */,
				63ED32CB1A9273BA00ECAD33 /* ViewController.swift in Sources */,
				63A4011D1A98523D0038569D /* sideBarTableView.swift in Sources */,
				63A401191A984FA40038569D /* ENSideMenuNavigationController.swift in Sources */,
				63ED32C91A9273BA00ECAD33 /* AppDelegate.swift in Sources */,
				63F765AA1AA58A630060AEE4 /* CustomTableViewCell.swift in Sources */,
				639453511AA8208A003D79CE /* notificationsVC.swift in Sources */,
			);
			runOnlyForDeploymentPostprocessing = 0;
		};
		63ED32D41A9273BA00ECAD33 /* Sources */ = {
			isa = PBXSourcesBuildPhase;
			buildActionMask = 2147483647;
			files = (
				63ED32DF1A9273BA00ECAD33 /* perkomaticTests.swift in Sources */,
			);
			runOnlyForDeploymentPostprocessing = 0;
		};
/* End PBXSourcesBuildPhase section */

/* Begin PBXTargetDependency section */
		63ED32DA1A9273BA00ECAD33 /* PBXTargetDependency */ = {
			isa = PBXTargetDependency;
			target = 63ED32C21A9273BA00ECAD33 /* perkomatic */;
			targetProxy = 63ED32D91A9273BA00ECAD33 /* PBXContainerItemProxy */;
		};
/* End PBXTargetDependency section */

/* Begin PBXVariantGroup section */
		63ED32CC1A9273BA00ECAD33 /* Main.storyboard */ = {
			isa = PBXVariantGroup;
			children = (
				63ED32CD1A9273BA00ECAD33 /* Base */,
			);
			name = Main.storyboard;
			sourceTree = "<group>";
		};
		63ED32D11A9273BA00ECAD33 /* LaunchScreen.xib */ = {
			isa = PBXVariantGroup;
			children = (
				63ED32D21A9273BA00ECAD33 /* Base */,
			);
			name = LaunchScreen.xib;
			sourceTree = "<group>";
		};
/* End PBXVariantGroup section */

/* Begin XCBuildConfiguration section */
		63ED32E01A9273BA00ECAD33 /* Debug */ = {
			isa = XCBuildConfiguration;
			buildSettings = {
				ALWAYS_SEARCH_USER_PATHS = NO;
				CLANG_CXX_LANGUAGE_STANDARD = "gnu++0x";
				CLANG_CXX_LIBRARY = "libc++";
				CLANG_ENABLE_MODULES = YES;
				CLANG_ENABLE_OBJC_ARC = YES;
				CLANG_WARN_BOOL_CONVERSION = YES;
				CLANG_WARN_CONSTANT_CONVERSION = YES;
				CLANG_WARN_DIRECT_OBJC_ISA_USAGE = YES_ERROR;
				CLANG_WARN_EMPTY_BODY = YES;
				CLANG_WARN_ENUM_CONVERSION = YES;
				CLANG_WARN_INT_CONVERSION = YES;
				CLANG_WARN_OBJC_ROOT_CLASS = YES_ERROR;
				CLANG_WARN_UNREACHABLE_CODE = YES;
				CLANG_WARN__DUPLICATE_METHOD_MATCH = YES;
				"CODE_SIGN_IDENTITY[sdk=iphoneos*]" = "iPhone Developer";
				COPY_PHASE_STRIP = NO;
				ENABLE_STRICT_OBJC_MSGSEND = YES;
				GCC_C_LANGUAGE_STANDARD = gnu99;
				GCC_DYNAMIC_NO_PIC = NO;
				GCC_OPTIMIZATION_LEVEL = 0;
				GCC_PREPROCESSOR_DEFINITIONS = (
					"DEBUG=1",
					"$(inherited)",
				);
				GCC_SYMBOLS_PRIVATE_EXTERN = NO;
				GCC_WARN_64_TO_32_BIT_CONVERSION = YES;
				GCC_WARN_ABOUT_RETURN_TYPE = YES_ERROR;
				GCC_WARN_UNDECLARED_SELECTOR = YES;
				GCC_WARN_UNINITIALIZED_AUTOS = YES_AGGRESSIVE;
				GCC_WARN_UNUSED_FUNCTION = YES;
				GCC_WARN_UNUSED_VARIABLE = YES;
				IPHONEOS_DEPLOYMENT_TARGET = 8.1;
				MTL_ENABLE_DEBUG_INFO = YES;
				ONLY_ACTIVE_ARCH = YES;
				SDKROOT = iphoneos;
				SWIFT_OPTIMIZATION_LEVEL = "-Onone";
			};
			name = Debug;
		};
		63ED32E11A9273BA00ECAD33 /* Release */ = {
			isa = XCBuildConfiguration;
			buildSettings = {
				ALWAYS_SEARCH_USER_PATHS = NO;
				CLANG_CXX_LANGUAGE_STANDARD = "gnu++0x";
				CLANG_CXX_LIBRARY = "libc++";
				CLANG_ENABLE_MODULES = YES;
				CLANG_ENABLE_OBJC_ARC = YES;
				CLANG_WARN_BOOL_CONVERSION = YES;
				CLANG_WARN_CONSTANT_CONVERSION = YES;
				CLANG_WARN_DIRECT_OBJC_ISA_USAGE = YES_ERROR;
				CLANG_WARN_EMPTY_BODY = YES;
				CLANG_WARN_ENUM_CONVERSION = YES;
				CLANG_WARN_INT_CONVERSION = YES;
				CLANG_WARN_OBJC_ROOT_CLASS = YES_ERROR;
				CLANG_WARN_UNREACHABLE_CODE = YES;
				CLANG_WARN__DUPLICATE_METHOD_MATCH = YES;
				"CODE_SIGN_IDENTITY[sdk=iphoneos*]" = "iPhone Developer";
				COPY_PHASE_STRIP = YES;
				ENABLE_NS_ASSERTIONS = NO;
				ENABLE_STRICT_OBJC_MSGSEND = YES;
				GCC_C_LANGUAGE_STANDARD = gnu99;
				GCC_WARN_64_TO_32_BIT_CONVERSION = YES;
				GCC_WARN_ABOUT_RETURN_TYPE = YES_ERROR;
				GCC_WARN_UNDECLARED_SELECTOR = YES;
				GCC_WARN_UNINITIALIZED_AUTOS = YES_AGGRESSIVE;
				GCC_WARN_UNUSED_FUNCTION = YES;
				GCC_WARN_UNUSED_VARIABLE = YES;
				IPHONEOS_DEPLOYMENT_TARGET = 8.1;
				MTL_ENABLE_DEBUG_INFO = NO;
				SDKROOT = iphoneos;
				VALIDATE_PRODUCT = YES;
			};
			name = Release;
		};
		63ED32E31A9273BA00ECAD33 /* Debug */ = {
			isa = XCBuildConfiguration;
			buildSettings = {
				ASSETCATALOG_COMPILER_APPICON_NAME = AppIcon;
				CLANG_ENABLE_MODULES = YES;
				FRAMEWORK_SEARCH_PATHS = (
					"$(inherited)",
					"$(PROJECT_DIR)",
				);
				INFOPLIST_FILE = perkomatic/Info.plist;
				IPHONEOS_DEPLOYMENT_TARGET = 7.1;
				LD_RUNPATH_SEARCH_PATHS = "$(inherited) @executable_path/Frameworks";
				PRODUCT_NAME = "$(TARGET_NAME)";
				SWIFT_OBJC_BRIDGING_HEADER = "perkomatic-Bridging-Header.h";
				SWIFT_OPTIMIZATION_LEVEL = "-Onone";
			};
			name = Debug;
		};
		63ED32E41A9273BA00ECAD33 /* Release */ = {
			isa = XCBuildConfiguration;
			buildSettings = {
				ASSETCATALOG_COMPILER_APPICON_NAME = AppIcon;
				CLANG_ENABLE_MODULES = YES;
				FRAMEWORK_SEARCH_PATHS = (
					"$(inherited)",
					"$(PROJECT_DIR)",
				);
				INFOPLIST_FILE = perkomatic/Info.plist;
				IPHONEOS_DEPLOYMENT_TARGET = 7.1;
				LD_RUNPATH_SEARCH_PATHS = "$(inherited) @executable_path/Frameworks";
				PRODUCT_NAME = "$(TARGET_NAME)";
				SWIFT_OBJC_BRIDGING_HEADER = "perkomatic-Bridging-Header.h";
			};
			name = Release;
		};
		63ED32E61A9273BA00ECAD33 /* Debug */ = {
			isa = XCBuildConfiguration;
			buildSettings = {
				BUNDLE_LOADER = "$(TEST_HOST)";
				FRAMEWORK_SEARCH_PATHS = (
					"$(SDKROOT)/Developer/Library/Frameworks",
					"$(inherited)",
				);
				GCC_PREPROCESSOR_DEFINITIONS = (
					"DEBUG=1",
					"$(inherited)",
				);
				INFOPLIST_FILE = perkomaticTests/Info.plist;
				LD_RUNPATH_SEARCH_PATHS = "$(inherited) @executable_path/Frameworks @loader_path/Frameworks";
				PRODUCT_NAME = "$(TARGET_NAME)";
				TEST_HOST = "$(BUILT_PRODUCTS_DIR)/perkomatic.app/perkomatic";
			};
			name = Debug;
		};
		63ED32E71A9273BA00ECAD33 /* Release */ = {
			isa = XCBuildConfiguration;
			buildSettings = {
				BUNDLE_LOADER = "$(TEST_HOST)";
				FRAMEWORK_SEARCH_PATHS = (
					"$(SDKROOT)/Developer/Library/Frameworks",
					"$(inherited)",
				);
				INFOPLIST_FILE = perkomaticTests/Info.plist;
				LD_RUNPATH_SEARCH_PATHS = "$(inherited) @executable_path/Frameworks @loader_path/Frameworks";
				PRODUCT_NAME = "$(TARGET_NAME)";
				TEST_HOST = "$(BUILT_PRODUCTS_DIR)/perkomatic.app/perkomatic";
			};
			name = Release;
		};
/* End XCBuildConfiguration section */

/* Begin XCConfigurationList section */
		63ED32BE1A9273BA00ECAD33 /* Build configuration list for PBXProject "perkomatic" */ = {
			isa = XCConfigurationList;
			buildConfigurations = (
				63ED32E01A9273BA00ECAD33 /* Debug */,
				63ED32E11A9273BA00ECAD33 /* Release */,
			);
			defaultConfigurationIsVisible = 0;
			defaultConfigurationName = Release;
		};
		63ED32E21A9273BA00ECAD33 /* Build configuration list for PBXNativeTarget "perkomatic" */ = {
			isa = XCConfigurationList;
			buildConfigurations = (
				63ED32E31A9273BA00ECAD33 /* Debug */,
				63ED32E41A9273BA00ECAD33 /* Release */,
			);
			defaultConfigurationIsVisible = 0;
			defaultConfigurationName = Release;
		};
		63ED32E51A9273BA00ECAD33 /* Build configuration list for PBXNativeTarget "perkomaticTests" */ = {
			isa = XCConfigurationList;
			buildConfigurations = (
				63ED32E61A9273BA00ECAD33 /* Debug */,
				63ED32E71A9273BA00ECAD33 /* Release */,
			);
			defaultConfigurationIsVisible = 0;
			defaultConfigurationName = Release;
		};
/* End XCConfigurationList section */
	};
	rootObject = 63ED32BB1A9273BA00ECAD33 /* Project object */;
}
